PODS:
  - EvernoteSDK (3.0.0)
  - SnapKit (3.2.0)

DEPENDENCIES:
  - EvernoteSDK (from `https://github.com/lijuncode/evernote-cloud-sdk-ios.git`, commit `500ae9d400b3f3011fe81c59ba321713b48672b0`)
  - SnapKit (~> 3.2.0)

EXTERNAL SOURCES:
  EvernoteSDK:
    :commit: 500ae9d400b3f3011fe81c59ba321713b48672b0
    :git: https://github.com/lijuncode/evernote-cloud-sdk-ios.git

CHECKOUT OPTIONS:
  EvernoteSDK:
    :commit: 500ae9d400b3f3011fe81c59ba321713b48672b0
    :git: https://github.com/lijuncode/evernote-cloud-sdk-ios.git

SPEC CHECKSUMS:
  EvernoteSDK: 7e9de762a9c281e714f3e6d0ae10657db3046792
  SnapKit: 1ca44df72cfa543218d177cb8aab029d10d86ea7

PODFILE CHECKSUM: 6710ffc1c61c853513f43b44f6c80715683fad19

COCOAPODS: 1.2.1
